
Microsoft Visual Studio Solution File, Format Version 12.00
# Visual Studio 15
VisualStudioVersion = 15.0.27428.2037
MinimumVisualStudioVersion = 10.0.40219.1
Project("{FAE04EC0-301F-11D3-BF4B-00C04F79EFBC}") = "LTIAdminDesktop", "LTIAdminDesktop\LTIAdminDesktop.csproj", "{85A3F026-DA94-497C-B6E7-4DE3D9A838E7}"
EndProject
Project("{54435603-DBB4-11D2-8724-00A0C9A8B90C}") = "LTIAdminSetUp", "LTIAdminSetUp\LTIAdminSetUp.vdproj", "{0F8759A5-D039-453A-93F7-670AAA280010}"
EndProject
Global
	GlobalSection(SolutionConfigurationPlatforms) = preSolution
		Debug|Any CPU = Debug|Any CPU
		Release|Any CPU = Release|Any CPU
	EndGlobalSection
	GlobalSection(ProjectConfigurationPlatforms) = postSolution
		{85A3F026-DA94-497C-B6E7-4DE3D9A838E7}.Debug|Any CPU.ActiveCfg = Debug|Any CPU
		{85A3F026-DA94-497C-B6E7-4DE3D9A838E7}.Debug|Any CPU.Build.0 = Debug|Any CPU
		{85A3F026-DA94-497C-B6E7-4DE3D9A838E7}.Release|Any CPU.ActiveCfg = Release|Any CPU
		{85A3F026-DA94-497C-B6E7-4DE3D9A838E7}.Release|Any CPU.Build.0 = Release|Any CPU
		{0F8759A5-D039-453A-93F7-670AAA280010}.Debug|Any CPU.ActiveCfg = Debug
		{0F8759A5-D039-453A-93F7-670AAA280010}.Release|Any CPU.ActiveCfg = Release
	EndGlobalSection
	GlobalSection(SolutionProperties) = preSolution
		HideSolutionNode = FALSE
	EndGlobalSection
	GlobalSection(ExtensibilityGlobals) = postSolution
		SolutionGuid = {ECE8721D-B7A6-483E-86B2-C17E3076E828}
	EndGlobalSection
EndGlobal
